
Microsoft Visual Studio Solution File, Format Version 12.00
# Visual Studio Version 17
VisualStudioVersion = 17.1.32228.430
MinimumVisualStudioVersion = 10.0.40219.1
Project("{9A19103F-16F7-4668-BE54-9A1E7A4F7556}") = "Fetch", "Fetch.csproj", "{57A1E37E-825B-4FB1-BB0A-D0EAA8220945}"
EndProject
Global
	GlobalSection(SolutionConfigurationPlatforms) = preSolution
		Debug|Any CPU = Debug|Any CPU
		Release|Any CPU = Release|Any CPU
	EndGlobalSection
	GlobalSection(ProjectConfigurationPlatforms) = postSolution
		{57A1E37E-825B-4FB1-BB0A-D0EAA8220945}.Debug|Any CPU.ActiveCfg = Debug|Any CPU
		{57A1E37E-825B-4FB1-BB0A-D0EAA8220945}.Debug|Any CPU.Build.0 = Debug|Any CPU
		{57A1E37E-825B-4FB1-BB0A-D0EAA8220945}.Release|Any CPU.ActiveCfg = Release|Any CPU
		{57A1E37E-825B-4FB1-BB0A-D0EAA8220945}.Release|Any CPU.Build.0 = Release|Any CPU
	EndGlobalSection
	GlobalSection(SolutionProperties) = preSolution
		HideSolutionNode = FALSE
	EndGlobalSection
	GlobalSection(ExtensibilityGlobals) = postSolution
		SolutionGuid = {89ACEDDF-5036-4010-A127-44C3F9319680}
	EndGlobalSection
EndGlobal
